
Microsoft Visual Studio Solution File, Format Version 12.00
# Visual Studio Version 17
VisualStudioVersion = 17.4.33110.190
MinimumVisualStudioVersion = 10.0.40219.1
Project("{FAE04EC0-301F-11D3-BF4B-00C04F79EFBC}") = "MethodOverriding", "MethodOverriding\MethodOverriding.csproj", "{6C759EEF-B6FF-4FFC-903D-B9C61EF05631}"
EndProject
Global
	GlobalSection(SolutionConfigurationPlatforms) = preSolution
		Debug|Any CPU = Debug|Any CPU
		Release|Any CPU = Release|Any CPU
	EndGlobalSection
	GlobalSection(ProjectConfigurationPlatforms) = postSolution
		{6C759EEF-B6FF-4FFC-903D-B9C61EF05631}.Debug|Any CPU.ActiveCfg = Debug|Any CPU
		{6C759EEF-B6FF-4FFC-903D-B9C61EF05631}.Debug|Any CPU.Build.0 = Debug|Any CPU
		{6C759EEF-B6FF-4FFC-903D-B9C61EF05631}.Release|Any CPU.ActiveCfg = Release|Any CPU
		{6C759EEF-B6FF-4FFC-903D-B9C61EF05631}.Release|Any CPU.Build.0 = Release|Any CPU
	EndGlobalSection
	GlobalSection(SolutionProperties) = preSolution
		HideSolutionNode = FALSE
	EndGlobalSection
	GlobalSection(ExtensibilityGlobals) = postSolution
		SolutionGuid = {4C645573-0BB4-4CB3-BD23-3FE2CB07DB01}
	EndGlobalSection
EndGlobal
